// !$*UTF8*$!
{
	archiveVersion = 1;
	classes = {
	};
	objectVersion = 46;
	objects = {

/* Begin PBXBuildFile section */
		9512380C1F13C4A2002DF28F /* main.m in Sources */ = {isa = PBXBuildFile; fileRef = 9512380B1F13C4A2002DF28F /* main.m */; };
		9512380F1F13C4A2002DF28F /* AppDelegate.m in Sources */ = {isa = PBXBuildFile; fileRef = 9512380E1F13C4A2002DF28F /* AppDelegate.m */; };
		951238171F13C4A2002DF28F /* Assets.xcassets in Resources */ = {isa = PBXBuildFile; fileRef = 951238161F13C4A2002DF28F /* Assets.xcassets */; };
		9512381A1F13C4A2002DF28F /* LaunchScreen.storyboard in Resources */ = {isa = PBXBuildFile; fileRef = 951238181F13C4A2002DF28F /* LaunchScreen.storyboard */; };
		951238231F13C8D8002DF28F /* TableViewController.m in Sources */ = {isa = PBXBuildFile; fileRef = 951238221F13C8D8002DF28F /* TableViewController.m */; };
		951238261F13CD6B002DF28F /* NavigationViewController.m in Sources */ = {isa = PBXBuildFile; fileRef = 951238251F13CD6B002DF28F /* NavigationViewController.m */; };
/* End PBXBuildFile section */

/* Begin PBXFileReference section */
		951238071F13C4A2002DF28F /* tableViewSelect.app */ = {isa = PBXFileReference; explicitFileType = wrapper.application; includeInIndex = 0; path = tableViewSelect.app; sourceTree = BUILT_PRODUCTS_DIR; };
		9512380B1F13C4A2002DF28F /* main.m */ = {isa = PBXFileReference; lastKnownFileType = sourcecode.c.objc; path = main.m; sourceTree = "<group>"; };
		9512380D1F13C4A2002DF28F /* AppDelegate.h */ = {isa = PBXFileReference; lastKnownFileType = sourcecode.c.h; path = AppDelegate.h; sourceTree = "<group>"; };
		9512380E1F13C4A2002DF28F /* AppDelegate.m */ = {isa = PBXFileReference; lastKnownFileType = sourcecode.c.objc; path = AppDelegate.m; sourceTree = "<group>"; };
		951238161F13C4A2002DF28F /* Assets.xcassets */ = {isa = PBXFileReference; lastKnownFileType = folder.assetcatalog; path = Assets.xcassets; sourceTree = "<group>"; };
		951238191F13C4A2002DF28F /* Base */ = {isa = PBXFileReference; lastKnownFileType = file.storyboard; name = Base; path = Base.lproj/LaunchScreen.storyboard; sourceTree = "<group>"; };
		9512381B1F13C4A2002DF28F /* Info.plist */ = {isa = PBXFileReference; lastKnownFileType = text.plist.xml; path = Info.plist; sourceTree = "<group>"; };
		951238211F13C8D8002DF28F /* TableViewController.h */ = {isa = PBXFileReference; fileEncoding = 4; lastKnownFileType = sourcecode.c.h; path = TableViewController.h; sourceTree = "<group>"; };
		951238221F13C8D8002DF28F /* TableViewController.m */ = {isa = PBXFileReference; fileEncoding = 4; lastKnownFileType = sourcecode.c.objc; path = TableViewController.m; sourceTree = "<group>"; };
		951238241F13CD6B002DF28F /* NavigationViewController.h */ = {isa = PBXFileReference; fileEncoding = 4; lastKnownFileType = sourcecode.c.h; path = NavigationViewController.h; sourceTree = "<group>"; };
		951238251F13CD6B002DF28F /* NavigationViewController.m */ = {isa = PBXFileReference; fileEncoding = 4; lastKnownFileType = sourcecode.c.objc; path = NavigationViewController.m; sourceTree = "<group>"; };
/* End PBXFileReference section */

/* Begin PBXFrameworksBuildPhase section */
		951238041F13C4A2002DF28F /* Frameworks */ = {
			isa = PBXFrameworksBuildPhase;
			buildActionMask = 2147483647;
			files = (
			);
			runOnlyForDeploymentPostprocessing = 0;
		};
/* End PBXFrameworksBuildPhase section */

/* Begin PBXGroup section */
		951237FE1F13C4A2002DF28F = {
			isa = PBXGroup;
			children = (
				951238091F13C4A2002DF28F /* tableViewSelect */,
				951238081F13C4A2002DF28F /* Products */,
			);
			sourceTree = "<group>";
		};
		951238081F13C4A2002DF28F /* Products */ = {
			isa = PBXGroup;
			children = (
				951238071F13C4A2002DF28F /* tableViewSelect.app */,
			);
			name = Products;
			sourceTree = "<group>";
		};
		951238091F13C4A2002DF28F /* tableViewSelect */ = {
			isa = PBXGroup;
			children = (
				9512380D1F13C4A2002DF28F /* AppDelegate.h */,
				9512380E1F13C4A2002DF28F /* AppDelegate.m */,
				951238241F13CD6B002DF28F /* NavigationViewController.h */,
				951238251F13CD6B002DF28F /* NavigationViewController.m */,
				951238211F13C8D8002DF28F /* TableViewController.h */,
				951238221F13C8D8002DF28F /* TableViewController.m */,
				951238161F13C4A2002DF28F /* Assets.xcassets */,
				951238181F13C4A2002DF28F /* LaunchScreen.storyboard */,
				9512381B1F13C4A2002DF28F /* Info.plist */,
				9512380A1F13C4A2002DF28F /* Supporting Files */,
			);
			path = tableViewSelect;
			sourceTree = "<group>";
		};
		9512380A1F13C4A2002DF28F /* Supporting Files */ = {
			isa = PBXGroup;
			children = (
				9512380B1F13C4A2002DF28F /* main.m */,
			);
			name = "Supporting Files";
			sourceTree = "<group>";
		};
/* End PBXGroup section */

/* Begin PBXNativeTarget section */
		951238061F13C4A2002DF28F /* tableViewSelect */ = {
			isa = PBXNativeTarget;
			buildConfigurationList = 9512381E1F13C4A2002DF28F /* Build configuration list for PBXNativeTarget "tableViewSelect" */;
			buildPhases = (
				951238031F13C4A2002DF28F /* Sources */,
				951238041F13C4A2002DF28F /* Frameworks */,
				951238051F13C4A2002DF28F /* Resources */,
			);
			buildRules = (
			);
			dependencies = (
			);
			name = tableViewSelect;
			productName = tableViewSelect;
			productReference = 951238071F13C4A2002DF28F /* tableViewSelect.app */;
			productType = "com.apple.product-type.application";
		};
/* End PBXNativeTarget section */

/* Begin PBXProject section */
		951237FF1F13C4A2002DF28F /* Project object */ = {
			isa = PBXProject;
			attributes = {
				LastUpgradeCheck = 0830;
				ORGANIZATIONNAME = "左忠飞";
				TargetAttributes = {
					951238061F13C4A2002DF28F = {
						CreatedOnToolsVersion = 8.3.3;
						DevelopmentTeam = 8SEZT6X2P9;
						ProvisioningStyle = Automatic;
					};
				};
			};
			buildConfigurationList = 951238021F13C4A2002DF28F /* Build configuration list for PBXProject "tableViewSelect" */;
			compatibilityVersion = "Xcode 3.2";
			developmentRegion = English;
			hasScannedForEncodings = 0;
			knownRegions = (
				en,
				Base,
			);
			mainGroup = 951237FE1F13C4A2002DF28F;
			productRefGroup = 951238081F13C4A2002DF28F /* Products */;
			projectDirPath = "";
			projectRoot = "";
			targets = (
				951238061F13C4A2002DF28F /* tableViewSelect */,
			);
		};
/* End PBXProject section */

/* Begin PBXResourcesBuildPhase section */
		951238051F13C4A2002DF28F /* Resources */ = {
			isa = PBXResourcesBuildPhase;
			buildActionMask = 2147483647;
			files = (
				9512381A1F13C4A2002DF28F /* LaunchScreen.storyboard in Resources */,
				951238171F13C4A2002DF28F /* Assets.xcassets in Resources */,
			);
			runOnlyForDeploymentPostprocessing = 0;
		};
/* End PBXResourcesBuildPhase section */

/* Begin PBXSourcesBuildPhase section */
		951238031F13C4A2002DF28F /* Sources */ = {
			isa = PBXSourcesBuildPhase;
			buildActionMask = 2147483647;
			files = (
				951238261F13CD6B002DF28F /* NavigationViewController.m in Sources */,
				9512380F1F13C4A2002DF28F /* AppDelegate.m in Sources */,
				9512380C1F13C4A2002DF28F /* main.m in Sources */,
				951238231F13C8D8002DF28F /* TableViewController.m in Sources */,
			);
			runOnlyForDeploymentPostprocessing = 0;
		};
/* End PBXSourcesBuildPhase section */

/* Begin PBXVariantGroup section */
		951238181F13C4A2002DF28F /* LaunchScreen.storyboard */ = {
			isa = PBXVariantGroup;
			children = (
				951238191F13C4A2002DF28F /* Base */,
			);
			name = LaunchScreen.storyboard;
			sourceTree = "<group>";
		};
/* End PBXVariantGroup section */

/* Begin XCBuildConfiguration section */
		9512381C1F13C4A2002DF28F /* Debug */ = {
			isa = XCBuildConfiguration;
			buildSettings = {
				ALWAYS_SEARCH_USER_PATHS = NO;
				CLANG_ANALYZER_NONNULL = YES;
				CLANG_ANALYZER_NUMBER_OBJECT_CONVERSION = YES_AGGRESSIVE;
				CLANG_CXX_LANGUAGE_STANDARD = "gnu++0x";
				CLANG_CXX_LIBRARY = "libc++";
				CLANG_ENABLE_MODULES = YES;
				CLANG_ENABLE_OBJC_ARC = YES;
				CLANG_WARN_BOOL_CONVERSION = YES;
				CLANG_WARN_CONSTANT_CONVERSION = YES;
				CLANG_WARN_DIRECT_OBJC_ISA_USAGE = YES_ERROR;
				CLANG_WARN_DOCUMENTATION_COMMENTS = YES;
				CLANG_WARN_EMPTY_BODY = YES;
				CLANG_WARN_ENUM_CONVERSION = YES;
				CLANG_WARN_INFINITE_RECURSION = YES;
				CLANG_WARN_INT_CONVERSION = YES;
				CLANG_WARN_OBJC_ROOT_CLASS = YES_ERROR;
				CLANG_WARN_SUSPICIOUS_MOVE = YES;
				CLANG_WARN_UNREACHABLE_CODE = YES;
				CLANG_WARN__DUPLICATE_METHOD_MATCH = YES;
				"CODE_SIGN_IDENTITY[sdk=iphoneos*]" = "iPhone Developer";
				COPY_PHASE_STRIP = NO;
				DEBUG_INFORMATION_FORMAT = dwarf;
				ENABLE_STRICT_OBJC_MSGSEND = YES;
				ENABLE_TESTABILITY = YES;
				GCC_C_LANGUAGE_STANDARD = gnu99;
				GCC_DYNAMIC_NO_PIC = NO;
				GCC_NO_COMMON_BLOCKS = YES;
				GCC_OPTIMIZATION_LEVEL = 0;
				GCC_PREPROCESSOR_DEFINITIONS = (
					"DEBUG=1",
					"$(inherited)",
				);
				GCC_WARN_64_TO_32_BIT_CONVERSION = YES;
				GCC_WARN_ABOUT_RETURN_TYPE = YES_ERROR;
				GCC_WARN_UNDECLARED_SELECTOR = YES;
				GCC_WARN_UNINITIALIZED_AUTOS = YES_AGGRESSIVE;
				GCC_WARN_UNUSED_FUNCTION = YES;
				GCC_WARN_UNUSED_VARIABLE = YES;
				IPHONEOS_DEPLOYMENT_TARGET = 10.3;
				MTL_ENABLE_DEBUG_INFO = YES;
				ONLY_ACTIVE_ARCH = YES;
				SDKROOT = iphoneos;
				TARGETED_DEVICE_FAMILY = "1,2";
			};
			name = Debug;
		};
		9512381D1F13C4A2002DF28F /* Release */ = {
			isa = XCBuildConfiguration;
			buildSettings = {
				ALWAYS_SEARCH_USER_PATHS = NO;
				CLANG_ANALYZER_NONNULL = YES;
				CLANG_ANALYZER_NUMBER_OBJECT_CONVERSION = YES_AGGRESSIVE;
				CLANG_CXX_LANGUAGE_STANDARD = "gnu++0x";
				CLANG_CXX_LIBRARY = "libc++";
				CLANG_ENABLE_MODULES = YES;
				CLANG_ENABLE_OBJC_ARC = YES;
				CLANG_WARN_BOOL_CONVERSION = YES;
				CLANG_WARN_CONSTANT_CONVERSION = YES;
				CLANG_WARN_DIRECT_OBJC_ISA_USAGE = YES_ERROR;
				CLANG_WARN_DOCUMENTATION_COMMENTS = YES;
				CLANG_WARN_EMPTY_BODY = YES;
				CLANG_WARN_ENUM_CONVERSION = YES;
				CLANG_WARN_INFINITE_RECURSION = YES;
				CLANG_WARN_INT_CONVERSION = YES;
				CLANG_WARN_OBJC_ROOT_CLASS = YES_ERROR;
				CLANG_WARN_SUSPICIOUS_MOVE = YES;
				CLANG_WARN_UNREACHABLE_CODE = YES;
				CLANG_WARN__DUPLICATE_METHOD_MATCH = YES;
				"CODE_SIGN_IDENTITY[sdk=iphoneos*]" = "iPhone Developer";
				COPY_PHASE_STRIP = NO;
				DEBUG_INFORMATION_FORMAT = "dwarf-with-dsym";
				ENABLE_NS_ASSERTIONS = NO;
				ENABLE_STRICT_OBJC_MSGSEND = YES;
				GCC_C_LANGUAGE_STANDARD = gnu99;
				GCC_NO_COMMON_BLOCKS = YES;
				GCC_WARN_64_TO_32_BIT_CONVERSION = YES;
				GCC_WARN_ABOUT_RETURN_TYPE = YES_ERROR;
				GCC_WARN_UNDECLARED_SELECTOR = YES;
				GCC_WARN_UNINITIALIZED_AUTOS = YES_AGGRESSIVE;
				GCC_WARN_UNUSED_FUNCTION = YES;
				GCC_WARN_UNUSED_VARIABLE = YES;
				IPHONEOS_DEPLOYMENT_TARGET = 10.3;
				MTL_ENABLE_DEBUG_INFO = NO;
				SDKROOT = iphoneos;
				TARGETED_DEVICE_FAMILY = "1,2";
				VALIDATE_PRODUCT = YES;
			};
			name = Release;
		};
		9512381F1F13C4A2002DF28F /* Debug */ = {
			isa = XCBuildConfiguration;
			buildSettings = {
				ASSETCATALOG_COMPILER_APPICON_NAME = AppIcon;
				DEVELOPMENT_TEAM = 8SEZT6X2P9;
				INFOPLIST_FILE = tableViewSelect/Info.plist;
				LD_RUNPATH_SEARCH_PATHS = "$(inherited) @executable_path/Frameworks";
				PRODUCT_BUNDLE_IDENTIFIER = zzf.com.tableViewSelect;
				PRODUCT_NAME = "$(TARGET_NAME)";
			};
			name = Debug;
		};
		951238201F13C4A2002DF28F /* Release */ = {
			isa = XCBuildConfiguration;
			buildSettings = {
				ASSETCATALOG_COMPILER_APPICON_NAME = AppIcon;
				DEVELOPMENT_TEAM = 8SEZT6X2P9;
				INFOPLIST_FILE = tableViewSelect/Info.plist;
				LD_RUNPATH_SEARCH_PATHS = "$(inherited) @executable_path/Frameworks";
				PRODUCT_BUNDLE_IDENTIFIER = zzf.com.tableViewSelect;
				PRODUCT_NAME = "$(TARGET_NAME)";
			};
			name = Release;
		};
/* End XCBuildConfiguration section */

/* Begin XCConfigurationList section */
		951238021F13C4A2002DF28F /* Build configuration list for PBXProject "tableViewSelect" */ = {
			isa = XCConfigurationList;
			buildConfigurations = (
				9512381C1F13C4A2002DF28F /* Debug */,
				9512381D1F13C4A2002DF28F /* Release */,
			);
			defaultConfigurationIsVisible = 0;
			defaultConfigurationName = Release;
		};
		9512381E1F13C4A2002DF28F /* Build configuration list for PBXNativeTarget "tableViewSelect" */ = {
			isa = XCConfigurationList;
			buildConfigurations = (
				9512381F1F13C4A2002DF28F /* Debug */,
				951238201F13C4A2002DF28F /* Release */,
			);
			defaultConfigurationIsVisible = 0;
		};
/* End XCConfigurationList section */
	};
	rootObject = 951237FF1F13C4A2002DF28F /* Project object */;
}
